Microsoft Visual Studio Solution File, Format Version 12.00
# Visual Studio Version 17
VisualStudioVersion = 17.0.31903.59
MinimumVisualStudioVersion = 10.0.40219.1
Project("{2150E333-8FDC-42A3-9474-1A3956D46DE8}") = "src", "src", "{5C8BF50F-5FBF-4E74-886F-C3F0D020A604}"
EndProject
Project("{FAE04EC0-301F-11D3-BF4B-00C04F79EFBC}") = "CampusSwap.Domain", "src\CampusSwap.Domain\CampusSwap.Domain.csproj", "{8B4F3F3A-8C5A-4F6B-9F5E-7D0F5F5F5F5F}"
EndProject
Project("{FAE04EC0-301F-11D3-BF4B-00C04F79EFBC}") = "CampusSwap.Application", "src\CampusSwap.Application\CampusSwap.Application.csproj", "{8C5F3F3B-8C5B-4F6C-9F5F-7D0F5F5F5F5F}"
EndProject
Project("{FAE04EC0-301F-11D3-BF4B-00C04F79EFBC}") = "CampusSwap.Infrastructure", "src\CampusSwap.Infrastructure\CampusSwap.Infrastructure.csproj", "{8D5F3F3C-8C5C-4F6D-9F60-7D0F5F5F5F5F}"
EndProject
Project("{FAE04EC0-301F-11D3-BF4B-00C04F79EFBC}") = "CampusSwap.WebApi", "src\CampusSwap.WebApi\CampusSwap.WebApi.csproj", "{8E5F3F3D-8C5D-4F6E-9F61-7D0F5F5F5F5F}"
EndProject
Project("{2150E333-8FDC-42A3-9474-1A3956D46DE8}") = "tests", "tests", "{B0253743-895A-4864-B37D-0737862DB5DC}"
EndProject
Project("{FAE04EC0-301F-11D3-BF4B-00C04F79EFBC}") = "CampusSwap.Domain.Tests", "tests\CampusSwap.Domain.Tests\CampusSwap.Domain.Tests.csproj", "{79CE8DDC-5C95-4AC6-A1AB-7C0DC6062D99}"
EndProject
Project("{FAE04EC0-301F-11D3-BF4B-00C04F79EFBC}") = "CampusSwap.Application.Tests", "tests\CampusSwap.Application.Tests\CampusSwap.Application.Tests.csproj", "{AE4782A7-814E-4607-A6E5-28D23C7F85F8}"
EndProject
Project("{FAE04EC0-301F-11D3-BF4B-00C04F79EFBC}") = "CampusSwap.Integration.Tests", "tests\CampusSwap.Integration.Tests\CampusSwap.Integration.Tests.csproj", "{02B26588-EDB6-402E-A897-41BBE41ACE04}"
EndProject
Global
	GlobalSection(SolutionConfigurationPlatforms) = preSolution
		Debug|Any CPU = Debug|Any CPU
		Release|Any CPU = Release|Any CPU
	EndGlobalSection
	GlobalSection(SolutionProperties) = preSolution
		HideSolutionNode = FALSE
	EndGlobalSection
	GlobalSection(ProjectConfigurationPlatforms) = postSolution
		{8B4F3F3A-8C5A-4F6B-9F5E-7D0F5F5F5F5F}.Debug|Any CPU.ActiveCfg = Debug|Any CPU
		{8B4F3F3A-8C5A-4F6B-9F5E-7D0F5F5F5F5F}.Debug|Any CPU.Build.0 = Debug|Any CPU
		{8B4F3F3A-8C5A-4F6B-9F5E-7D0F5F5F5F5F}.Release|Any CPU.ActiveCfg = Release|Any CPU
		{8B4F3F3A-8C5A-4F6B-9F5E-7D0F5F5F5F5F}.Release|Any CPU.Build.0 = Release|Any CPU
		{8C5F3F3B-8C5B-4F6C-9F5F-7D0F5F5F5F5F}.Debug|Any CPU.ActiveCfg = Debug|Any CPU
		{8C5F3F3B-8C5B-4F6C-9F5F-7D0F5F5F5F5F}.Debug|Any CPU.Build.0 = Debug|Any CPU
		{8C5F3F3B-8C5B-4F6C-9F5F-7D0F5F5F5F5F}.Release|Any CPU.ActiveCfg = Release|Any CPU
		{8C5F3F3B-8C5B-4F6C-9F5F-7D0F5F5F5F5F}.Release|Any CPU.Build.0 = Release|Any CPU
		{8D5F3F3C-8C5C-4F6D-9F60-7D0F5F5F5F5F}.Debug|Any CPU.ActiveCfg = Debug|Any CPU
		{8D5F3F3C-8C5C-4F6D-9F60-7D0F5F5F5F5F}.Debug|Any CPU.Build.0 = Debug|Any CPU
		{8D5F3F3C-8C5C-4F6D-9F60-7D0F5F5F5F5F}.Release|Any CPU.ActiveCfg = Release|Any CPU
		{8D5F3F3C-8C5C-4F6D-9F60-7D0F5F5F5F5F}.Release|Any CPU.Build.0 = Release|Any CPU
		{8E5F3F3D-8C5D-4F6E-9F61-7D0F5F5F5F5F}.Debug|Any CPU.ActiveCfg = Debug|Any CPU
		{8E5F3F3D-8C5D-4F6E-9F61-7D0F5F5F5F5F}.Debug|Any CPU.Build.0 = Debug|Any CPU
		{8E5F3F3D-8C5D-4F6E-9F61-7D0F5F5F5F5F}.Release|Any CPU.ActiveCfg = Release|Any CPU
		{8E5F3F3D-8C5D-4F6E-9F61-7D0F5F5F5F5F}.Release|Any CPU.Build.0 = Release|Any CPU
		{79CE8DDC-5C95-4AC6-A1AB-7C0DC6062D99}.Debug|Any CPU.ActiveCfg = Debug|Any CPU
		{79CE8DDC-5C95-4AC6-A1AB-7C0DC6062D99}.Debug|Any CPU.Build.0 = Debug|Any CPU
		{79CE8DDC-5C95-4AC6-A1AB-7C0DC6062D99}.Release|Any CPU.ActiveCfg = Release|Any CPU
		{79CE8DDC-5C95-4AC6-A1AB-7C0DC6062D99}.Release|Any CPU.Build.0 = Release|Any CPU
		{AE4782A7-814E-4607-A6E5-28D23C7F85F8}.Debug|Any CPU.ActiveCfg = Debug|Any CPU
		{AE4782A7-814E-4607-A6E5-28D23C7F85F8}.Debug|Any CPU.Build.0 = Debug|Any CPU
		{AE4782A7-814E-4607-A6E5-28D23C7F85F8}.Release|Any CPU.ActiveCfg = Release|Any CPU
		{AE4782A7-814E-4607-A6E5-28D23C7F85F8}.Release|Any CPU.Build.0 = Release|Any CPU
		{02B26588-EDB6-402E-A897-41BBE41ACE04}.Debug|Any CPU.ActiveCfg = Debug|Any CPU
		{02B26588-EDB6-402E-A897-41BBE41ACE04}.Debug|Any CPU.Build.0 = Debug|Any CPU
		{02B26588-EDB6-402E-A897-41BBE41ACE04}.Release|Any CPU.ActiveCfg = Release|Any CPU
		{02B26588-EDB6-402E-A897-41BBE41ACE04}.Release|Any CPU.Build.0 = Release|Any CPU
	EndGlobalSection
	GlobalSection(NestedProjects) = preSolution
		{8B4F3F3A-8C5A-4F6B-9F5E-7D0F5F5F5F5F} = {5C8BF50F-5FBF-4E74-886F-C3F0D020A604}
		{8C5F3F3B-8C5B-4F6C-9F5F-7D0F5F5F5F5F} = {5C8BF50F-5FBF-4E74-886F-C3F0D020A604}
		{8D5F3F3C-8C5C-4F6D-9F60-7D0F5F5F5F5F} = {5C8BF50F-5FBF-4E74-886F-C3F0D020A604}
		{8E5F3F3D-8C5D-4F6E-9F61-7D0F5F5F5F5F} = {5C8BF50F-5FBF-4E74-886F-C3F0D020A604}
		{79CE8DDC-5C95-4AC6-A1AB-7C0DC6062D99} = {B0253743-895A-4864-B37D-0737862DB5DC}
		{AE4782A7-814E-4607-A6E5-28D23C7F85F8} = {B0253743-895A-4864-B37D-0737862DB5DC}
		{02B26588-EDB6-402E-A897-41BBE41ACE04} = {B0253743-895A-4864-B37D-0737862DB5DC}
	EndGlobalSection
EndGlobal
